
Microsoft Visual Studio Solution File, Format Version 12.00
# Visual Studio Version 17
VisualStudioVersion = 17.5.002.0
MinimumVisualStudioVersion = 10.0.40219.1
Project("{9A19103F-16F7-4668-BE54-9A1E7A4F7556}") = "BalMutfak", "BalMutfak.csproj", "{660C7EF0-203E-4491-AE64-5D7908D0001C}"
EndProject
Global
	GlobalSection(SolutionConfigurationPlatforms) = preSolution
		Debug|Any CPU = Debug|Any CPU
		Release|Any CPU = Release|Any CPU
	EndGlobalSection
	GlobalSection(ProjectConfigurationPlatforms) = postSolution
		{660C7EF0-203E-4491-AE64-5D7908D0001C}.Debug|Any CPU.ActiveCfg = Debug|Any CPU
		{660C7EF0-203E-4491-AE64-5D7908D0001C}.Debug|Any CPU.Build.0 = Debug|Any CPU
		{660C7EF0-203E-4491-AE64-5D7908D0001C}.Release|Any CPU.ActiveCfg = Release|Any CPU
		{660C7EF0-203E-4491-AE64-5D7908D0001C}.Release|Any CPU.Build.0 = Release|Any CPU
	EndGlobalSection
	GlobalSection(SolutionProperties) = preSolution
		HideSolutionNode = FALSE
	EndGlobalSection
	GlobalSection(ExtensibilityGlobals) = postSolution
		SolutionGuid = {78B89A8F-2771-453D-9085-22CCD18247CD}
	EndGlobalSection
EndGlobal
